
Microsoft Visual Studio Solution File, Format Version 12.00
# Visual Studio Version 17
VisualStudioVersion = 17.7.34018.315
MinimumVisualStudioVersion = 10.0.40219.1
Project("{8BC9CEB8-8B4A-11D0-8D11-00A0C91BC942}") = "Shapes", "Shapes\Shapes.vcxproj", "{04C2CC73-08C2-491F-B65A-DABB5C4F3BC4}"
EndProject
Project("{8BC9CEB8-8B4A-11D0-8D11-00A0C91BC942}") = "EmployeesPolymorphism", "EmployeesPolymorphism\EmployeesPolymorphism.vcxproj", "{77834A84-5511-435C-A5D8-BC37FFEB42FE}"
EndProject
Global
	GlobalSection(SolutionConfigurationPlatforms) = preSolution
		Debug|x64 = Debug|x64
		Debug|x86 = Debug|x86
		Release|x64 = Release|x64
		Release|x86 = Release|x86
	EndGlobalSection
	GlobalSection(ProjectConfigurationPlatforms) = postSolution
		{04C2CC73-08C2-491F-B65A-DABB5C4F3BC4}.Debug|x64.ActiveCfg = Debug|x64
		{04C2CC73-08C2-491F-B65A-DABB5C4F3BC4}.Debug|x64.Build.0 = Debug|x64
		{04C2CC73-08C2-491F-B65A-DABB5C4F3BC4}.Debug|x86.ActiveCfg = Debug|Win32
		{04C2CC73-08C2-491F-B65A-DABB5C4F3BC4}.Debug|x86.Build.0 = Debug|Win32
		{04C2CC73-08C2-491F-B65A-DABB5C4F3BC4}.Release|x64.ActiveCfg = Release|x64
		{04C2CC73-08C2-491F-B65A-DABB5C4F3BC4}.Release|x64.Build.0 = Release|x64
		{04C2CC73-08C2-491F-B65A-DABB5C4F3BC4}.Release|x86.ActiveCfg = Release|Win32
		{04C2CC73-08C2-491F-B65A-DABB5C4F3BC4}.Release|x86.Build.0 = Release|Win32
		{77834A84-5511-435C-A5D8-BC37FFEB42FE}.Debug|x64.ActiveCfg = Debug|x64
		{77834A84-5511-435C-A5D8-BC37FFEB42FE}.Debug|x64.Build.0 = Debug|x64
		{77834A84-5511-435C-A5D8-BC37FFEB42FE}.Debug|x86.ActiveCfg = Debug|Win32
		{77834A84-5511-435C-A5D8-BC37FFEB42FE}.Debug|x86.Build.0 = Debug|Win32
		{77834A84-5511-435C-A5D8-BC37FFEB42FE}.Release|x64.ActiveCfg = Release|x64
		{77834A84-5511-435C-A5D8-BC37FFEB42FE}.Release|x64.Build.0 = Release|x64
		{77834A84-5511-435C-A5D8-BC37FFEB42FE}.Release|x86.ActiveCfg = Release|Win32
		{77834A84-5511-435C-A5D8-BC37FFEB42FE}.Release|x86.Build.0 = Release|Win32
	EndGlobalSection
	GlobalSection(SolutionProperties) = preSolution
		HideSolutionNode = FALSE
	EndGlobalSection
	GlobalSection(ExtensibilityGlobals) = postSolution
		SolutionGuid = {423C5C1E-20A1-41CD-A905-3A21796C8CA3}
	EndGlobalSection
EndGlobal
